// !$*UTF8*$!
{
	archiveVersion = 1;
	classes = {
	};
	objectVersion = 55;
	objects = {

/* Begin PBXBuildFile section */
		06B6471827B16D750074259A /* AppDelegate.swift in Sources */ = {isa = PBXBuildFile; fileRef = 06B6471727B16D750074259A /* AppDelegate.swift */; };
		06B6471A27B16D750074259A /* SceneDelegate.swift in Sources */ = {isa = PBXBuildFile; fileRef = 06B6471927B16D750074259A /* SceneDelegate.swift */; };
		06B6471C27B16D750074259A /* ViewController.swift in Sources */ = {isa = PBXBuildFile; fileRef = 06B6471B27B16D750074259A /* ViewController.swift */; };
		06B6471F27B16D750074259A /* Main.storyboard in Resources */ = {isa = PBXBuildFile; fileRef = 06B6471D27B16D750074259A /* Main.storyboard */; };
		06B6472127B16D760074259A /* Assets.xcassets in Resources */ = {isa = PBXBuildFile; fileRef = 06B6472027B16D760074259A /* Assets.xcassets */; };
		06B6472427B16D760074259A /* LaunchScreen.storyboard in Resources */ = {isa = PBXBuildFile; fileRef = 06B6472227B16D760074259A /* LaunchScreen.storyboard */; };
		06B6472F27B16D770074259A /* Proejct3_challengeTests.swift in Sources */ = {isa = PBXBuildFile; fileRef = 06B6472E27B16D770074259A /* Proejct3_challengeTests.swift */; };
		06B6473927B16D770074259A /* Proejct3_challengeUITests.swift in Sources */ = {isa = PBXBuildFile; fileRef = 06B6473827B16D770074259A /* Proejct3_challengeUITests.swift */; };
		06B6473B27B16D770074259A /* Proejct3_challengeUITestsLaunchTests.swift in Sources */ = {isa = PBXBuildFile; fileRef = 06B6473A27B16D770074259A /* Proejct3_challengeUITestsLaunchTests.swift */; };
		06B6479127B176D50074259A /* spain@2x.png in Resources */ = {isa = PBXBuildFile; fileRef = 06B6477927B176D50074259A /* spain@2x.png */; };
		06B6479227B176D50074259A /* nigeria@2x.png in Resources */ = {isa = PBXBuildFile; fileRef = 06B6477A27B176D50074259A /* nigeria@2x.png */; };
		06B6479327B176D50074259A /* nigeria@3x.png in Resources */ = {isa = PBXBuildFile; fileRef = 06B6477B27B176D50074259A /* nigeria@3x.png */; };
		06B6479427B176D50074259A /* spain@3x.png in Resources */ = {isa = PBXBuildFile; fileRef = 06B6477C27B176D50074259A /* spain@3x.png */; };
		06B6479527B176D50074259A /* italy@3x.png in Resources */ = {isa = PBXBuildFile; fileRef = 06B6477D27B176D50074259A /* italy@3x.png */; };
		06B6479627B176D50074259A /* ireland@2x.png in Resources */ = {isa = PBXBuildFile; fileRef = 06B6477E27B176D50074259A /* ireland@2x.png */; };
		06B6479727B176D50074259A /* germany@3x.png in Resources */ = {isa = PBXBuildFile; fileRef = 06B6477F27B176D50074259A /* germany@3x.png */; };
		06B6479827B176D50074259A /* germany@2x.png in Resources */ = {isa = PBXBuildFile; fileRef = 06B6478027B176D50074259A /* germany@2x.png */; };
		06B6479927B176D50074259A /* ireland@3x.png in Resources */ = {isa = PBXBuildFile; fileRef = 06B6478127B176D50074259A /* ireland@3x.png */; };
		06B6479A27B176D50074259A /* italy@2x.png in Resources */ = {isa = PBXBuildFile; fileRef = 06B6478227B176D50074259A /* italy@2x.png */; };
		06B6479B27B176D50074259A /* poland@2x.png in Resources */ = {isa = PBXBuildFile; fileRef = 06B6478327B176D50074259A /* poland@2x.png */; };
		06B6479C27B176D50074259A /* russia@2x.png in Resources */ = {isa = PBXBuildFile; fileRef = 06B6478427B176D50074259A /* russia@2x.png */; };
		06B6479D27B176D50074259A /* estonia@2x.png in Resources */ = {isa = PBXBuildFile; fileRef = 06B6478527B176D50074259A /* estonia@2x.png */; };
		06B6479E27B176D50074259A /* estonia@3x.png in Resources */ = {isa = PBXBuildFile; fileRef = 06B6478627B176D50074259A /* estonia@3x.png */; };
		06B6479F27B176D50074259A /* russia@3x.png in Resources */ = {isa = PBXBuildFile; fileRef = 06B6478727B176D50074259A /* russia@3x.png */; };
		06B647A027B176D50074259A /* poland@3x.png in Resources */ = {isa = PBXBuildFile; fileRef = 06B6478827B176D50074259A /* poland@3x.png */; };
		06B647A127B176D50074259A /* uk@3x.png in Resources */ = {isa = PBXBuildFile; fileRef = 06B6478927B176D50074259A /* uk@3x.png */; };
		06B647A227B176D50074259A /* us@3x.png in Resources */ = {isa = PBXBuildFile; fileRef = 06B6478A27B176D50074259A /* us@3x.png */; };
		06B647A327B176D50074259A /* france@3x.png in Resources */ = {isa = PBXBuildFile; fileRef = 06B6478B27B176D50074259A /* france@3x.png */; };
		06B647A427B176D50074259A /* monaco@2x.png in Resources */ = {isa = PBXBuildFile; fileRef = 06B6478C27B176D50074259A /* monaco@2x.png */; };
		06B647A527B176D50074259A /* monaco@3x.png in Resources */ = {isa = PBXBuildFile; fileRef = 06B6478D27B176D50074259A /* monaco@3x.png */; };
		06B647A627B176D50074259A /* france@2x.png in Resources */ = {isa = PBXBuildFile; fileRef = 06B6478E27B176D50074259A /* france@2x.png */; };
		06B647A727B176D50074259A /* us@2x.png in Resources */ = {isa = PBXBuildFile; fileRef = 06B6478F27B176D50074259A /* us@2x.png */; };
		06B647A827B176D50074259A /* uk@2x.png in Resources */ = {isa = PBXBuildFile; fileRef = 06B6479027B176D50074259A /* uk@2x.png */; };
		06B647AA27B1848F0074259A /* DetailViewController.swift in Sources */ = {isa = PBXBuildFile; fileRef = 06B647A927B1848F0074259A /* DetailViewController.swift */; };
/* End PBXBuildFile section */

/* Begin PBXContainerItemProxy section */
		06B6472B27B16D770074259A /* PBXContainerItemProxy */ = {
			isa = PBXContainerItemProxy;
			containerPortal = 06B6470C27B16D750074259A /* Project object */;
			proxyType = 1;
			remoteGlobalIDString = 06B6471327B16D750074259A;
			remoteInfo = "Proejct3-challenge";
		};
		06B6473527B16D770074259A /* PBXContainerItemProxy */ = {
			isa = PBXContainerItemProxy;
			containerPortal = 06B6470C27B16D750074259A /* Project object */;
			proxyType = 1;
			remoteGlobalIDString = 06B6471327B16D750074259A;
			remoteInfo = "Proejct3-challenge";
		};
/* End PBXContainerItemProxy section */

/* Begin PBXFileReference section */
		06B6471427B16D750074259A /* Proejct3-challenge.app */ = {isa = PBXFileReference; explicitFileType = wrapper.application; includeInIndex = 0; path = "Proejct3-challenge.app"; sourceTree = BUILT_PRODUCTS_DIR; };
		06B6471727B16D750074259A /* AppDelegate.swift */ = {isa = PBXFileReference; lastKnownFileType = sourcecode.swift; path = AppDelegate.swift; sourceTree = "<group>"; };
		06B6471927B16D750074259A /* SceneDelegate.swift */ = {isa = PBXFileReference; lastKnownFileType = sourcecode.swift; path = SceneDelegate.swift; sourceTree = "<group>"; };
		06B6471B27B16D750074259A /* ViewController.swift */ = {isa = PBXFileReference; lastKnownFileType = sourcecode.swift; path = ViewController.swift; sourceTree = "<group>"; };
		06B6471E27B16D750074259A /* Base */ = {isa = PBXFileReference; lastKnownFileType = file.storyboard; name = Base; path = Base.lproj/Main.storyboard; sourceTree = "<group>"; };
		06B6472027B16D760074259A /* Assets.xcassets */ = {isa = PBXFileReference; lastKnownFileType = folder.assetcatalog; path = Assets.xcassets; sourceTree = "<group>"; };
		06B6472327B16D760074259A /* Base */ = {isa = PBXFileReference; lastKnownFileType = file.storyboard; name = Base; path = Base.lproj/LaunchScreen.storyboard; sourceTree = "<group>"; };
		06B6472527B16D760074259A /* Info.plist */ = {isa = PBXFileReference; lastKnownFileType = text.plist.xml; path = Info.plist; sourceTree = "<group>"; };
		06B6472A27B16D770074259A /* Proejct3-challengeTests.xctest */ = {isa = PBXFileReference; explicitFileType = wrapper.cfbundle; includeInIndex = 0; path = "Proejct3-challengeTests.xctest"; sourceTree = BUILT_PRODUCTS_DIR; };
		06B6472E27B16D770074259A /* Proejct3_challengeTests.swift */ = {isa = PBXFileReference; lastKnownFileType = sourcecode.swift; path = Proejct3_challengeTests.swift; sourceTree = "<group>"; };
		06B6473427B16D770074259A /* Proejct3-challengeUITests.xctest */ = {isa = PBXFileReference; explicitFileType = wrapper.cfbundle; includeInIndex = 0; path = "Proejct3-challengeUITests.xctest"; sourceTree = BUILT_PRODUCTS_DIR; };
		06B6473827B16D770074259A /* Proejct3_challengeUITests.swift */ = {isa = PBXFileReference; lastKnownFileType = sourcecode.swift; path = Proejct3_challengeUITests.swift; sourceTree = "<group>"; };
		06B6473A27B16D770074259A /* Proejct3_challengeUITestsLaunchTests.swift */ = {isa = PBXFileReference; lastKnownFileType = sourcecode.swift; path = Proejct3_challengeUITestsLaunchTests.swift; sourceTree = "<group>"; };
		06B6477927B176D50074259A /* spain@2x.png */ = {isa = PBXFileReference; lastKnownFileType = image.png; path = "spain@2x.png"; sourceTree = "<group>"; };
		06B6477A27B176D50074259A /* nigeria@2x.png */ = {isa = PBXFileReference; lastKnownFileType = image.png; path = "nigeria@2x.png"; sourceTree = "<group>"; };
		06B6477B27B176D50074259A /* nigeria@3x.png */ = {isa = PBXFileReference; lastKnownFileType = image.png; path = "nigeria@3x.png"; sourceTree = "<group>"; };
		06B6477C27B176D50074259A /* spain@3x.png */ = {isa = PBXFileReference; lastKnownFileType = image.png; path = "spain@3x.png"; sourceTree = "<group>"; };
		06B6477D27B176D50074259A /* italy@3x.png */ = {isa = PBXFileReference; lastKnownFileType = image.png; path = "italy@3x.png"; sourceTree = "<group>"; };
		06B6477E27B176D50074259A /* ireland@2x.png */ = {isa = PBXFileReference; lastKnownFileType = image.png; path = "ireland@2x.png"; sourceTree = "<group>"; };
		06B6477F27B176D50074259A /* germany@3x.png */ = {isa = PBXFileReference; lastKnownFileType = image.png; path = "germany@3x.png"; sourceTree = "<group>"; };
		06B6478027B176D50074259A /* germany@2x.png */ = {isa = PBXFileReference; lastKnownFileType = image.png; path = "germany@2x.png"; sourceTree = "<group>"; };
		06B6478127B176D50074259A /* ireland@3x.png */ = {isa = PBXFileReference; lastKnownFileType = image.png; path = "ireland@3x.png"; sourceTree = "<group>"; };
		06B6478227B176D50074259A /* italy@2x.png */ = {isa = PBXFileReference; lastKnownFileType = image.png; path = "italy@2x.png"; sourceTree = "<group>"; };
		06B6478327B176D50074259A /* poland@2x.png */ = {isa = PBXFileReference; lastKnownFileType = image.png; path = "poland@2x.png"; sourceTree = "<group>"; };
		06B6478427B176D50074259A /* russia@2x.png */ = {isa = PBXFileReference; lastKnownFileType = image.png; path = "russia@2x.png"; sourceTree = "<group>"; };
		06B6478527B176D50074259A /* estonia@2x.png */ = {isa = PBXFileReference; lastKnownFileType = image.png; path = "estonia@2x.png"; sourceTree = "<group>"; };
		06B6478627B176D50074259A /* estonia@3x.png */ = {isa = PBXFileReference; lastKnownFileType = image.png; path = "estonia@3x.png"; sourceTree = "<group>"; };
		06B6478727B176D50074259A /* russia@3x.png */ = {isa = PBXFileReference; lastKnownFileType = image.png; path = "russia@3x.png"; sourceTree = "<group>"; };
		06B6478827B176D50074259A /* poland@3x.png */ = {isa = PBXFileReference; lastKnownFileType = image.png; path = "poland@3x.png"; sourceTree = "<group>"; };
		06B6478927B176D50074259A /* uk@3x.png */ = {isa = PBXFileReference; lastKnownFileType = image.png; path = "uk@3x.png"; sourceTree = "<group>"; };
		06B6478A27B176D50074259A /* us@3x.png */ = {isa = PBXFileReference; lastKnownFileType = image.png; path = "us@3x.png"; sourceTree = "<group>"; };
		06B6478B27B176D50074259A /* france@3x.png */ = {isa = PBXFileReference; lastKnownFileType = image.png; path = "france@3x.png"; sourceTree = "<group>"; };
		06B6478C27B176D50074259A /* monaco@2x.png */ = {isa = PBXFileReference; lastKnownFileType = image.png; path = "monaco@2x.png"; sourceTree = "<group>"; };
		06B6478D27B176D50074259A /* monaco@3x.png */ = {isa = PBXFileReference; lastKnownFileType = image.png; path = "monaco@3x.png"; sourceTree = "<group>"; };
		06B6478E27B176D50074259A /* france@2x.png */ = {isa = PBXFileReference; lastKnownFileType = image.png; path = "france@2x.png"; sourceTree = "<group>"; };
		06B6478F27B176D50074259A /* us@2x.png */ = {isa = PBXFileReference; lastKnownFileType = image.png; path = "us@2x.png"; sourceTree = "<group>"; };
		06B6479027B176D50074259A /* uk@2x.png */ = {isa = PBXFileReference; lastKnownFileType = image.png; path = "uk@2x.png"; sourceTree = "<group>"; };
		06B647A927B1848F0074259A /* DetailViewController.swift */ = {isa = PBXFileReference; lastKnownFileType = sourcecode.swift; path = DetailViewController.swift; sourceTree = "<group>"; };
/* End PBXFileReference section */

/* Begin PBXFrameworksBuildPhase section */
		06B6471127B16D750074259A /* Frameworks */ = {
			isa = PBXFrameworksBuildPhase;
			buildActionMask = 2147483647;
			files = (
			);
			runOnlyForDeploymentPostprocessing = 0;
		};
		06B6472727B16D770074259A /* Frameworks */ = {
			isa = PBXFrameworksBuildPhase;
			buildActionMask = 2147483647;
			files = (
			);
			runOnlyForDeploymentPostprocessing = 0;
		};
		06B6473127B16D770074259A /* Frameworks */ = {
			isa = PBXFrameworksBuildPhase;
			buildActionMask = 2147483647;
			files = (
			);
			runOnlyForDeploymentPostprocessing = 0;
		};
/* End PBXFrameworksBuildPhase section */

/* Begin PBXGroup section */
		06B6470B27B16D750074259A = {
			isa = PBXGroup;
			children = (
				06B6471627B16D750074259A /* Proejct3-challenge */,
				06B6472D27B16D770074259A /* Proejct3-challengeTests */,
				06B6473727B16D770074259A /* Proejct3-challengeUITests */,
				06B6471527B16D750074259A /* Products */,
			);
			sourceTree = "<group>";
		};
		06B6471527B16D750074259A /* Products */ = {
			isa = PBXGroup;
			children = (
				06B6471427B16D750074259A /* Proejct3-challenge.app */,
				06B6472A27B16D770074259A /* Proejct3-challengeTests.xctest */,
				06B6473427B16D770074259A /* Proejct3-challengeUITests.xctest */,
			);
			name = Products;
			sourceTree = "<group>";
		};
		06B6471627B16D750074259A /* Proejct3-challenge */ = {
			isa = PBXGroup;
			children = (
				06B6471727B16D750074259A /* AppDelegate.swift */,
				06B6471927B16D750074259A /* SceneDelegate.swift */,
				06B6471B27B16D750074259A /* ViewController.swift */,
				06B647A927B1848F0074259A /* DetailViewController.swift */,
				06B6471D27B16D750074259A /* Main.storyboard */,
				06B6472027B16D760074259A /* Assets.xcassets */,
				06B6472227B16D760074259A /* LaunchScreen.storyboard */,
				06B6472527B16D760074259A /* Info.plist */,
				06B6477827B176D50074259A /* project2-files */,
			);
			path = "Proejct3-challenge";
			sourceTree = "<group>";
		};
		06B6472D27B16D770074259A /* Proejct3-challengeTests */ = {
			isa = PBXGroup;
			children = (
				06B6472E27B16D770074259A /* Proejct3_challengeTests.swift */,
			);
			path = "Proejct3-challengeTests";
			sourceTree = "<group>";
		};
		06B6473727B16D770074259A /* Proejct3-challengeUITests */ = {
			isa = PBXGroup;
			children = (
				06B6473827B16D770074259A /* Proejct3_challengeUITests.swift */,
				06B6473A27B16D770074259A /* Proejct3_challengeUITestsLaunchTests.swift */,
			);
			path = "Proejct3-challengeUITests";
			sourceTree = "<group>";
		};
		06B6477827B176D50074259A /* project2-files */ = {
			isa = PBXGroup;
			children = (
				06B6477927B176D50074259A /* spain@2x.png */,
				06B6477A27B176D50074259A /* nigeria@2x.png */,
				06B6477B27B176D50074259A /* nigeria@3x.png */,
				06B6477C27B176D50074259A /* spain@3x.png */,
				06B6477D27B176D50074259A /* italy@3x.png */,
				06B6477E27B176D50074259A /* ireland@2x.png */,
				06B6477F27B176D50074259A /* germany@3x.png */,
				06B6478027B176D50074259A /* germany@2x.png */,
				06B6478127B176D50074259A /* ireland@3x.png */,
				06B6478227B176D50074259A /* italy@2x.png */,
				06B6478327B176D50074259A /* poland@2x.png */,
				06B6478427B176D50074259A /* russia@2x.png */,
				06B6478527B176D50074259A /* estonia@2x.png */,
				06B6478627B176D50074259A /* estonia@3x.png */,
				06B6478727B176D50074259A /* russia@3x.png */,
				06B6478827B176D50074259A /* poland@3x.png */,
				06B6478927B176D50074259A /* uk@3x.png */,
				06B6478A27B176D50074259A /* us@3x.png */,
				06B6478B27B176D50074259A /* france@3x.png */,
				06B6478C27B176D50074259A /* monaco@2x.png */,
				06B6478D27B176D50074259A /* monaco@3x.png */,
				06B6478E27B176D50074259A /* france@2x.png */,
				06B6478F27B176D50074259A /* us@2x.png */,
				06B6479027B176D50074259A /* uk@2x.png */,
			);
			name = "project2-files";
			path = "../../HackingWithSwift-main/Classic/project2-files";
			sourceTree = "<group>";
		};
/* End PBXGroup section */

/* Begin PBXNativeTarget section */
		06B6471327B16D750074259A /* Proejct3-challenge */ = {
			isa = PBXNativeTarget;
			buildConfigurationList = 06B6473E27B16D770074259A /* Build configuration list for PBXNativeTarget "Proejct3-challenge" */;
			buildPhases = (
				06B6471027B16D750074259A /* Sources */,
				06B6471127B16D750074259A /* Frameworks */,
				06B6471227B16D750074259A /* Resources */,
			);
			buildRules = (
			);
			dependencies = (
			);
			name = "Proejct3-challenge";
			productName = "Proejct3-challenge";
			productReference = 06B6471427B16D750074259A /* Proejct3-challenge.app */;
			productType = "com.apple.product-type.application";
		};
		06B6472927B16D770074259A /* Proejct3-challengeTests */ = {
			isa = PBXNativeTarget;
			buildConfigurationList = 06B6474127B16D770074259A /* Build configuration list for PBXNativeTarget "Proejct3-challengeTests" */;
			buildPhases = (
				06B6472627B16D770074259A /* Sources */,
				06B6472727B16D770074259A /* Frameworks */,
				06B6472827B16D770074259A /* Resources */,
			);
			buildRules = (
			);
			dependencies = (
				06B6472C27B16D770074259A /* PBXTargetDependency */,
			);
			name = "Proejct3-challengeTests";
			productName = "Proejct3-challengeTests";
			productReference = 06B6472A27B16D770074259A /* Proejct3-challengeTests.xctest */;
			productType = "com.apple.product-type.bundle.unit-test";
		};
		06B6473327B16D770074259A /* Proejct3-challengeUITests */ = {
			isa = PBXNativeTarget;
			buildConfigurationList = 06B6474427B16D770074259A /* Build configuration list for PBXNativeTarget "Proejct3-challengeUITests" */;
			buildPhases = (
				06B6473027B16D770074259A /* Sources */,
				06B6473127B16D770074259A /* Frameworks */,
				06B6473227B16D770074259A /* Resources */,
			);
			buildRules = (
			);
			dependencies = (
				06B6473627B16D770074259A /* PBXTargetDependency */,
			);
			name = "Proejct3-challengeUITests";
			productName = "Proejct3-challengeUITests";
			productReference = 06B6473427B16D770074259A /* Proejct3-challengeUITests.xctest */;
			productType = "com.apple.product-type.bundle.ui-testing";
		};
/* End PBXNativeTarget section */

/* Begin PBXProject section */
		06B6470C27B16D750074259A /* Project object */ = {
			isa = PBXProject;
			attributes = {
				BuildIndependentTargetsInParallel = 1;
				LastSwiftUpdateCheck = 1320;
				LastUpgradeCheck = 1320;
				TargetAttributes = {
					06B6471327B16D750074259A = {
						CreatedOnToolsVersion = 13.2.1;
					};
					06B6472927B16D770074259A = {
						CreatedOnToolsVersion = 13.2.1;
						TestTargetID = 06B6471327B16D750074259A;
					};
					06B6473327B16D770074259A = {
						CreatedOnToolsVersion = 13.2.1;
						TestTargetID = 06B6471327B16D750074259A;
					};
				};
			};
			buildConfigurationList = 06B6470F27B16D750074259A /* Build configuration list for PBXProject "Proejct3-challenge" */;
			compatibilityVersion = "Xcode 13.0";
			developmentRegion = en;
			hasScannedForEncodings = 0;
			knownRegions = (
				en,
				Base,
			);
			mainGroup = 06B6470B27B16D750074259A;
			productRefGroup = 06B6471527B16D750074259A /* Products */;
			projectDirPath = "";
			projectRoot = "";
			targets = (
				06B6471327B16D750074259A /* Proejct3-challenge */,
				06B6472927B16D770074259A /* Proejct3-challengeTests */,
				06B6473327B16D770074259A /* Proejct3-challengeUITests */,
			);
		};
/* End PBXProject section */

/* Begin PBXResourcesBuildPhase section */
		06B6471227B16D750074259A /* Resources */ = {
			isa = PBXResourcesBuildPhase;
			buildActionMask = 2147483647;
			files = (
				06B647A527B176D50074259A /* monaco@3x.png in Resources */,
				06B6479227B176D50074259A /* nigeria@2x.png in Resources */,
				06B647A727B176D50074259A /* us@2x.png in Resources */,
				06B6479327B176D50074259A /* nigeria@3x.png in Resources */,
				06B647A027B176D50074259A /* poland@3x.png in Resources */,
				06B647A127B176D50074259A /* uk@3x.png in Resources */,
				06B647A627B176D50074259A /* france@2x.png in Resources */,
				06B6479A27B176D50074259A /* italy@2x.png in Resources */,
				06B6479127B176D50074259A /* spain@2x.png in Resources */,
				06B6479727B176D50074259A /* germany@3x.png in Resources */,
				06B6472427B16D760074259A /* LaunchScreen.storyboard in Resources */,
				06B6479B27B176D50074259A /* poland@2x.png in Resources */,
				06B6472127B16D760074259A /* Assets.xcassets in Resources */,
				06B6479527B176D50074259A /* italy@3x.png in Resources */,
				06B6479E27B176D50074259A /* estonia@3x.png in Resources */,
				06B647A427B176D50074259A /* monaco@2x.png in Resources */,
				06B6471F27B16D750074259A /* Main.storyboard in Resources */,
				06B6479627B176D50074259A /* ireland@2x.png in Resources */,
				06B6479827B176D50074259A /* germany@2x.png in Resources */,
				06B647A227B176D50074259A /* us@3x.png in Resources */,
				06B6479427B176D50074259A /* spain@3x.png in Resources */,
				06B6479C27B176D50074259A /* russia@2x.png in Resources */,
				06B6479D27B176D50074259A /* estonia@2x.png in Resources */,
				06B6479F27B176D50074259A /* russia@3x.png in Resources */,
				06B647A827B176D50074259A /* uk@2x.png in Resources */,
				06B647A327B176D50074259A /* france@3x.png in Resources */,
				06B6479927B176D50074259A /* ireland@3x.png in Resources */,
			);
			runOnlyForDeploymentPostprocessing = 0;
		};
		06B6472827B16D770074259A /* Resources */ = {
			isa = PBXResourcesBuildPhase;
			buildActionMask = 2147483647;
			files = (
			);
			runOnlyForDeploymentPostprocessing = 0;
		};
		06B6473227B16D770074259A /* Resources */ = {
			isa = PBXResourcesBuildPhase;
			buildActionMask = 2147483647;
			files = (
			);
			runOnlyForDeploymentPostprocessing = 0;
		};
/* End PBXResourcesBuildPhase section */

/* Begin PBXSourcesBuildPhase section */
		06B6471027B16D750074259A /* Sources */ = {
			isa = PBXSourcesBuildPhase;
			buildActionMask = 2147483647;
			files = (
				06B6471C27B16D750074259A /* ViewController.swift in Sources */,
				06B6471827B16D750074259A /* AppDelegate.swift in Sources */,
				06B6471A27B16D750074259A /* SceneDelegate.swift in Sources */,
				06B647AA27B1848F0074259A /* DetailViewController.swift in Sources */,
			);
			runOnlyForDeploymentPostprocessing = 0;
		};
		06B6472627B16D770074259A /* Sources */ = {
			isa = PBXSourcesBuildPhase;
			buildActionMask = 2147483647;
			files = (
				06B6472F27B16D770074259A /* Proejct3_challengeTests.swift in Sources */,
			);
			runOnlyForDeploymentPostprocessing = 0;
		};
		06B6473027B16D770074259A /* Sources */ = {
			isa = PBXSourcesBuildPhase;
			buildActionMask = 2147483647;
			files = (
				06B6473B27B16D770074259A /* Proejct3_challengeUITestsLaunchTests.swift in Sources */,
				06B6473927B16D770074259A /* Proejct3_challengeUITests.swift in Sources */,
			);
			runOnlyForDeploymentPostprocessing = 0;
		};
/* End PBXSourcesBuildPhase section */

/* Begin PBXTargetDependency section */
		06B6472C27B16D770074259A /* PBXTargetDependency */ = {
			isa = PBXTargetDependency;
			target = 06B6471327B16D750074259A /* Proejct3-challenge */;
			targetProxy = 06B6472B27B16D770074259A /* PBXContainerItemProxy */;
		};
		06B6473627B16D770074259A /* PBXTargetDependency */ = {
			isa = PBXTargetDependency;
			target = 06B6471327B16D750074259A /* Proejct3-challenge */;
			targetProxy = 06B6473527B16D770074259A /* PBXContainerItemProxy */;
		};
/* End PBXTargetDependency section */

/* Begin PBXVariantGroup section */
		06B6471D27B16D750074259A /* Main.storyboard */ = {
			isa = PBXVariantGroup;
			children = (
				06B6471E27B16D750074259A /* Base */,
			);
			name = Main.storyboard;
			sourceTree = "<group>";
		};
		06B6472227B16D760074259A /* LaunchScreen.storyboard */ = {
			isa = PBXVariantGroup;
			children = (
				06B6472327B16D760074259A /* Base */,
			);
			name = LaunchScreen.storyboard;
			sourceTree = "<group>";
		};
/* End PBXVariantGroup section */

/* Begin XCBuildConfiguration section */
		06B6473C27B16D770074259A /* Debug */ = {
			isa = XCBuildConfiguration;
			buildSettings = {
				ALWAYS_SEARCH_USER_PATHS = NO;
				CLANG_ANALYZER_NONNULL = YES;
				CLANG_ANALYZER_NUMBER_OBJECT_CONVERSION = YES_AGGRESSIVE;
				CLANG_CXX_LANGUAGE_STANDARD = "gnu++17";
				CLANG_CXX_LIBRARY = "libc++";
				CLANG_ENABLE_MODULES = YES;
				CLANG_ENABLE_OBJC_ARC = YES;
				CLANG_ENABLE_OBJC_WEAK = YES;
				CLANG_WARN_BLOCK_CAPTURE_AUTORELEASING = YES;
				CLANG_WARN_BOOL_CONVERSION = YES;
				CLANG_WARN_COMMA = YES;
				CLANG_WARN_CONSTANT_CONVERSION = YES;
				CLANG_WARN_DEPRECATED_OBJC_IMPLEMENTATIONS = YES;
				CLANG_WARN_DIRECT_OBJC_ISA_USAGE = YES_ERROR;
				CLANG_WARN_DOCUMENTATION_COMMENTS = YES;
				CLANG_WARN_EMPTY_BODY = YES;
				CLANG_WARN_ENUM_CONVERSION = YES;
				CLANG_WARN_INFINITE_RECURSION = YES;
				CLANG_WARN_INT_CONVERSION = YES;
				CLANG_WARN_NON_LITERAL_NULL_CONVERSION = YES;
				CLANG_WARN_OBJC_IMPLICIT_RETAIN_SELF = YES;
				CLANG_WARN_OBJC_LITERAL_CONVERSION = YES;
				CLANG_WARN_OBJC_ROOT_CLASS = YES_ERROR;
				CLANG_WARN_QUOTED_INCLUDE_IN_FRAMEWORK_HEADER = YES;
				CLANG_WARN_RANGE_LOOP_ANALYSIS = YES;
				CLANG_WARN_STRICT_PROTOTYPES = YES;
				CLANG_WARN_SUSPICIOUS_MOVE = YES;
				CLANG_WARN_UNGUARDED_AVAILABILITY = YES_AGGRESSIVE;
				CLANG_WARN_UNREACHABLE_CODE = YES;
				CLANG_WARN__DUPLICATE_METHOD_MATCH = YES;
				COPY_PHASE_STRIP = NO;
				DEBUG_INFORMATION_FORMAT = dwarf;
				ENABLE_STRICT_OBJC_MSGSEND = YES;
				ENABLE_TESTABILITY = YES;
				GCC_C_LANGUAGE_STANDARD = gnu11;
				GCC_DYNAMIC_NO_PIC = NO;
				GCC_NO_COMMON_BLOCKS = YES;
				GCC_OPTIMIZATION_LEVEL = 0;
				GCC_PREPROCESSOR_DEFINITIONS = (
					"DEBUG=1",
					"$(inherited)",
				);
				GCC_WARN_64_TO_32_BIT_CONVERSION = YES;
				GCC_WARN_ABOUT_RETURN_TYPE = YES_ERROR;
				GCC_WARN_UNDECLARED_SELECTOR = YES;
				GCC_WARN_UNINITIALIZED_AUTOS = YES_AGGRESSIVE;
				GCC_WARN_UNUSED_FUNCTION = YES;
				GCC_WARN_UNUSED_VARIABLE = YES;
				IPHONEOS_DEPLOYMENT_TARGET = 15.2;
				MTL_ENABLE_DEBUG_INFO = INCLUDE_SOURCE;
				MTL_FAST_MATH = YES;
				ONLY_ACTIVE_ARCH = YES;
				SDKROOT = iphoneos;
				SWIFT_ACTIVE_COMPILATION_CONDITIONS = DEBUG;
				SWIFT_OPTIMIZATION_LEVEL = "-Onone";
			};
			name = Debug;
		};
		06B6473D27B16D770074259A /* Release */ = {
			isa = XCBuildConfiguration;
			buildSettings = {
				ALWAYS_SEARCH_USER_PATHS = NO;
				CLANG_ANALYZER_NONNULL = YES;
				CLANG_ANALYZER_NUMBER_OBJECT_CONVERSION = YES_AGGRESSIVE;
				CLANG_CXX_LANGUAGE_STANDARD = "gnu++17";
				CLANG_CXX_LIBRARY = "libc++";
				CLANG_ENABLE_MODULES = YES;
				CLANG_ENABLE_OBJC_ARC = YES;
				CLANG_ENABLE_OBJC_WEAK = YES;
				CLANG_WARN_BLOCK_CAPTURE_AUTORELEASING = YES;
				CLANG_WARN_BOOL_CONVERSION = YES;
				CLANG_WARN_COMMA = YES;
				CLANG_WARN_CONSTANT_CONVERSION = YES;
				CLANG_WARN_DEPRECATED_OBJC_IMPLEMENTATIONS = YES;
				CLANG_WARN_DIRECT_OBJC_ISA_USAGE = YES_ERROR;
				CLANG_WARN_DOCUMENTATION_COMMENTS = YES;
				CLANG_WARN_EMPTY_BODY = YES;
				CLANG_WARN_ENUM_CONVERSION = YES;
				CLANG_WARN_INFINITE_RECURSION = YES;
				CLANG_WARN_INT_CONVERSION = YES;
				CLANG_WARN_NON_LITERAL_NULL_CONVERSION = YES;
				CLANG_WARN_OBJC_IMPLICIT_RETAIN_SELF = YES;
				CLANG_WARN_OBJC_LITERAL_CONVERSION = YES;
				CLANG_WARN_OBJC_ROOT_CLASS = YES_ERROR;
				CLANG_WARN_QUOTED_INCLUDE_IN_FRAMEWORK_HEADER = YES;
				CLANG_WARN_RANGE_LOOP_ANALYSIS = YES;
				CLANG_WARN_STRICT_PROTOTYPES = YES;
				CLANG_WARN_SUSPICIOUS_MOVE = YES;
				CLANG_WARN_UNGUARDED_AVAILABILITY = YES_AGGRESSIVE;
				CLANG_WARN_UNREACHABLE_CODE = YES;
				CLANG_WARN__DUPLICATE_METHOD_MATCH = YES;
				COPY_PHASE_STRIP = NO;
				DEBUG_INFORMATION_FORMAT = "dwarf-with-dsym";
				ENABLE_NS_ASSERTIONS = NO;
				ENABLE_STRICT_OBJC_MSGSEND = YES;
				GCC_C_LANGUAGE_STANDARD = gnu11;
				GCC_NO_COMMON_BLOCKS = YES;
				GCC_WARN_64_TO_32_BIT_CONVERSION = YES;
				GCC_WARN_ABOUT_RETURN_TYPE = YES_ERROR;
				GCC_WARN_UNDECLARED_SELECTOR = YES;
				GCC_WARN_UNINITIALIZED_AUTOS = YES_AGGRESSIVE;
				GCC_WARN_UNUSED_FUNCTION = YES;
				GCC_WARN_UNUSED_VARIABLE = YES;
				IPHONEOS_DEPLOYMENT_TARGET = 15.2;
				MTL_ENABLE_DEBUG_INFO = NO;
				MTL_FAST_MATH = YES;
				SDKROOT = iphoneos;
				SWIFT_COMPILATION_MODE = wholemodule;
				SWIFT_OPTIMIZATION_LEVEL = "-O";
				VALIDATE_PRODUCT = YES;
			};
			name = Release;
		};
		06B6473F27B16D770074259A /* Debug */ = {
			isa = XCBuildConfiguration;
			buildSettings = {
				ASSETCATALOG_COMPILER_APPICON_NAME = AppIcon;
				ASSETCATALOG_COMPILER_GLOBAL_ACCENT_COLOR_NAME = AccentColor;
				CODE_SIGN_STYLE = Automatic;
				CURRENT_PROJECT_VERSION = 1;
				DEVELOPMENT_TEAM = WSJB3J72C6;
				GENERATE_INFOPLIST_FILE = YES;
				INFOPLIST_FILE = "Proejct3-challenge/Info.plist";
				INFOPLIST_KEY_UIApplicationSupportsIndirectInputEvents = YES;
				INFOPLIST_KEY_UILaunchStoryboardName = LaunchScreen;
				INFOPLIST_KEY_UIMainStoryboardFile = Main;
				INFOPLIST_KEY_UISupportedInterfaceOrientations_iPad = "UIInterfaceOrientationPortrait UIInterfaceOrientationPortraitUpsideDown UIInterfaceOrientationLandscapeLeft UIInterfaceOrientationLandscapeRight";
				INFOPLIST_KEY_UISupportedInterfaceOrientations_iPhone = "UIInterfaceOrientationPortrait UIInterfaceOrientationLandscapeLeft UIInterfaceOrientationLandscapeRight";
				LD_RUNPATH_SEARCH_PATHS = (
					"$(inherited)",
					"@executable_path/Frameworks",
				);
				MARKETING_VERSION = 1.0;
				PRODUCT_BUNDLE_IDENTIFIER = "com.example.Proejct3-challenge";
				PRODUCT_NAME = "$(TARGET_NAME)";
				SWIFT_EMIT_LOC_STRINGS = YES;
				SWIFT_VERSION = 5.0;
				TARGETED_DEVICE_FAMILY = "1,2";
			};
			name = Debug;
		};
		06B6474027B16D770074259A /* Release */ = {
			isa = XCBuildConfiguration;
			buildSettings = {
				ASSETCATALOG_COMPILER_APPICON_NAME = AppIcon;
				ASSETCATALOG_COMPILER_GLOBAL_ACCENT_COLOR_NAME = AccentColor;
				CODE_SIGN_STYLE = Automatic;
				CURRENT_PROJECT_VERSION = 1;
				DEVELOPMENT_TEAM = WSJB3J72C6;
				GENERATE_INFOPLIST_FILE = YES;
				INFOPLIST_FILE = "Proejct3-challenge/Info.plist";
				INFOPLIST_KEY_UIApplicationSupportsIndirectInputEvents = YES;
				INFOPLIST_KEY_UILaunchStoryboardName = LaunchScreen;
				INFOPLIST_KEY_UIMainStoryboardFile = Main;
				INFOPLIST_KEY_UISupportedInterfaceOrientations_iPad = "UIInterfaceOrientationPortrait UIInterfaceOrientationPortraitUpsideDown UIInterfaceOrientationLandscapeLeft UIInterfaceOrientationLandscapeRight";
				INFOPLIST_KEY_UISupportedInterfaceOrientations_iPhone = "UIInterfaceOrientationPortrait UIInterfaceOrientationLandscapeLeft UIInterfaceOrientationLandscapeRight";
				LD_RUNPATH_SEARCH_PATHS = (
					"$(inherited)",
					"@executable_path/Frameworks",
				);
				MARKETING_VERSION = 1.0;
				PRODUCT_BUNDLE_IDENTIFIER = "com.example.Proejct3-challenge";
				PRODUCT_NAME = "$(TARGET_NAME)";
				SWIFT_EMIT_LOC_STRINGS = YES;
				SWIFT_VERSION = 5.0;
				TARGETED_DEVICE_FAMILY = "1,2";
			};
			name = Release;
		};
		06B6474227B16D770074259A /* Debug */ = {
			isa = XCBuildConfiguration;
			buildSettings = {
				ALWAYS_EMBED_SWIFT_STANDARD_LIBRARIES = YES;
				BUNDLE_LOADER = "$(TEST_HOST)";
				CODE_SIGN_STYLE = Automatic;
				CURRENT_PROJECT_VERSION = 1;
				DEVELOPMENT_TEAM = WSJB3J72C6;
				GENERATE_INFOPLIST_FILE = YES;
				IPHONEOS_DEPLOYMENT_TARGET = 15.2;
				MARKETING_VERSION = 1.0;
				PRODUCT_BUNDLE_IDENTIFIER = "com.example.Proejct3-challengeTests";
				PRODUCT_NAME = "$(TARGET_NAME)";
				SWIFT_EMIT_LOC_STRINGS = NO;
				SWIFT_VERSION = 5.0;
				TARGETED_DEVICE_FAMILY = "1,2";
				TEST_HOST = "$(BUILT_PRODUCTS_DIR)/Proejct3-challenge.app/Proejct3-challenge";
			};
			name = Debug;
		};
		06B6474327B16D770074259A /* Release */ = {
			isa = XCBuildConfiguration;
			buildSettings = {
				ALWAYS_EMBED_SWIFT_STANDARD_LIBRARIES = YES;
				BUNDLE_LOADER = "$(TEST_HOST)";
				CODE_SIGN_STYLE = Automatic;
				CURRENT_PROJECT_VERSION = 1;
				DEVELOPMENT_TEAM = WSJB3J72C6;
				GENERATE_INFOPLIST_FILE = YES;
				IPHONEOS_DEPLOYMENT_TARGET = 15.2;
				MARKETING_VERSION = 1.0;
				PRODUCT_BUNDLE_IDENTIFIER = "com.example.Proejct3-challengeTests";
				PRODUCT_NAME = "$(TARGET_NAME)";
				SWIFT_EMIT_LOC_STRINGS = NO;
				SWIFT_VERSION = 5.0;
				TARGETED_DEVICE_FAMILY = "1,2";
				TEST_HOST = "$(BUILT_PRODUCTS_DIR)/Proejct3-challenge.app/Proejct3-challenge";
			};
			name = Release;
		};
		06B6474527B16D770074259A /* Debug */ = {
			isa = XCBuildConfiguration;
			buildSettings = {
				ALWAYS_EMBED_SWIFT_STANDARD_LIBRARIES = YES;
				CODE_SIGN_STYLE = Automatic;
				CURRENT_PROJECT_VERSION = 1;
				DEVELOPMENT_TEAM = WSJB3J72C6;
				GENERATE_INFOPLIST_FILE = YES;
				MARKETING_VERSION = 1.0;
				PRODUCT_BUNDLE_IDENTIFIER = "com.example.Proejct3-challengeUITests";
				PRODUCT_NAME = "$(TARGET_NAME)";
				SWIFT_EMIT_LOC_STRINGS = NO;
				SWIFT_VERSION = 5.0;
				TARGETED_DEVICE_FAMILY = "1,2";
				TEST_TARGET_NAME = "Proejct3-challenge";
			};
			name = Debug;
		};
		06B6474627B16D770074259A /* Release */ = {
			isa = XCBuildConfiguration;
			buildSettings = {
				ALWAYS_EMBED_SWIFT_STANDARD_LIBRARIES = YES;
				CODE_SIGN_STYLE = Automatic;
				CURRENT_PROJECT_VERSION = 1;
				DEVELOPMENT_TEAM = WSJB3J72C6;
				GENERATE_INFOPLIST_FILE = YES;
				MARKETING_VERSION = 1.0;
				PRODUCT_BUNDLE_IDENTIFIER = "com.example.Proejct3-challengeUITests";
				PRODUCT_NAME = "$(TARGET_NAME)";
				SWIFT_EMIT_LOC_STRINGS = NO;
				SWIFT_VERSION = 5.0;
				TARGETED_DEVICE_FAMILY = "1,2";
				TEST_TARGET_NAME = "Proejct3-challenge";
			};
			name = Release;
		};
/* End XCBuildConfiguration section */

/* Begin XCConfigurationList section */
		06B6470F27B16D750074259A /* Build configuration list for PBXProject "Proejct3-challenge" */ = {
			isa = XCConfigurationList;
			buildConfigurations = (
				06B6473C27B16D770074259A /* Debug */,
				06B6473D27B16D770074259A /* Release */,
			);
			defaultConfigurationIsVisible = 0;
			defaultConfigurationName = Release;
		};
		06B6473E27B16D770074259A /* Build configuration list for PBXNativeTarget "Proejct3-challenge" */ = {
			isa = XCConfigurationList;
			buildConfigurations = (
				06B6473F27B16D770074259A /* Debug */,
				06B6474027B16D770074259A /* Release */,
			);
			defaultConfigurationIsVisible = 0;
			defaultConfigurationName = Release;
		};
		06B6474127B16D770074259A /* Build configuration list for PBXNativeTarget "Proejct3-challengeTests" */ = {
			isa = XCConfigurationList;
			buildConfigurations = (
				06B6474227B16D770074259A /* Debug */,
				06B6474327B16D770074259A /* Release */,
			);
			defaultConfigurationIsVisible = 0;
			defaultConfigurationName = Release;
		};
		06B6474427B16D770074259A /* Build configuration list for PBXNativeTarget "Proejct3-challengeUITests" */ = {
			isa = XCConfigurationList;
			buildConfigurations = (
				06B6474527B16D770074259A /* Debug */,
				06B6474627B16D770074259A /* Release */,
			);
			defaultConfigurationIsVisible = 0;
			defaultConfigurationName = Release;
		};
/* End XCConfigurationList section */
	};
	rootObject = 06B6470C27B16D750074259A /* Project object */;
}
